// !$*UTF8*$!
{
	archiveVersion = 1;
	classes = {
	};
	objectVersion = 46;
	objects = {

/* Begin PBXBuildFile section */
		40B6159B3348388477940656 /* Pods_Pokedex.framework in Frameworks */ = {isa = PBXBuildFile; fileRef = A9BE2A1B3C857A43B61BA229 /* Pods_Pokedex.framework */; };
		E50E15441C87D1D400A25663 /* PokeCell.swift in Sources */ = {isa = PBXBuildFile; fileRef = E50E15431C87D1D400A25663 /* PokeCell.swift */; };
		E50E15461C87F0E200A25663 /* csv.swift in Sources */ = {isa = PBXBuildFile; fileRef = E50E15451C87F0E200A25663 /* csv.swift */; };
		E50E154E1C8A1B5300A25663 /* Pokemon Solid.ttf in Resources */ = {isa = PBXBuildFile; fileRef = E50E154D1C8A1B5300A25663 /* Pokemon Solid.ttf */; };
		E50E15501C8A363D00A25663 /* music.mp3 in Resources */ = {isa = PBXBuildFile; fileRef = E50E154F1C8A363D00A25663 /* music.mp3 */; };
		E5CE415E1C86844000FD4643 /* AppDelegate.swift in Sources */ = {isa = PBXBuildFile; fileRef = E5CE415D1C86844000FD4643 /* AppDelegate.swift */; };
		E5CE41601C86844000FD4643 /* ViewController.swift in Sources */ = {isa = PBXBuildFile; fileRef = E5CE415F1C86844000FD4643 /* ViewController.swift */; };
		E5CE41631C86844000FD4643 /* Main.storyboard in Resources */ = {isa = PBXBuildFile; fileRef = E5CE41611C86844000FD4643 /* Main.storyboard */; };
		E5CE41651C86844000FD4643 /* Assets.xcassets in Resources */ = {isa = PBXBuildFile; fileRef = E5CE41641C86844000FD4643 /* Assets.xcassets */; };
		E5CE41681C86844000FD4643 /* LaunchScreen.storyboard in Resources */ = {isa = PBXBuildFile; fileRef = E5CE41661C86844000FD4643 /* LaunchScreen.storyboard */; };
		E5CE41731C86844000FD4643 /* PokedexTests.swift in Sources */ = {isa = PBXBuildFile; fileRef = E5CE41721C86844000FD4643 /* PokedexTests.swift */; };
		E5CE417E1C86844000FD4643 /* PokedexUITests.swift in Sources */ = {isa = PBXBuildFile; fileRef = E5CE417D1C86844000FD4643 /* PokedexUITests.swift */; };
		E5CE418C1C86903B00FD4643 /* pokemon.csv in Resources */ = {isa = PBXBuildFile; fileRef = E5CE418B1C86903B00FD4643 /* pokemon.csv */; };
		E5CE41911C86921700FD4643 /* Pokemon.swift in Sources */ = {isa = PBXBuildFile; fileRef = E5CE41901C86921700FD4643 /* Pokemon.swift */; };
		E5D4CD1D1C8BDE4E003A8B96 /* Constants.swift in Sources */ = {isa = PBXBuildFile; fileRef = E5D4CD1C1C8BDE4E003A8B96 /* Constants.swift */; };
		E5E13DDB1C8A3FF4006290D1 /* PokemonDetailVC.swift in Sources */ = {isa = PBXBuildFile; fileRef = E5E13DDA1C8A3FF4006290D1 /* PokemonDetailVC.swift */; };
/* End PBXBuildFile section */

/* Begin PBXContainerItemProxy section */
		E5CE416F1C86844000FD4643 /* PBXContainerItemProxy */ = {
			isa = PBXContainerItemProxy;
			containerPortal = E5CE41521C86844000FD4643 /* Project object */;
			proxyType = 1;
			remoteGlobalIDString = E5CE41591C86844000FD4643;
			remoteInfo = Pokedex;
		};
		E5CE417A1C86844000FD4643 /* PBXContainerItemProxy */ = {
			isa = PBXContainerItemProxy;
			containerPortal = E5CE41521C86844000FD4643 /* Project object */;
			proxyType = 1;
			remoteGlobalIDString = E5CE41591C86844000FD4643;
			remoteInfo = Pokedex;
		};
/* End PBXContainerItemProxy section */

/* Begin PBXFileReference section */
		37E10312758349442B666291 /* Pods-Pokedex.release.xcconfig */ = {isa = PBXFileReference; includeInIndex = 1; lastKnownFileType = text.xcconfig; name = "Pods-Pokedex.release.xcconfig"; path = "Pods/Target Support Files/Pods-Pokedex/Pods-Pokedex.release.xcconfig"; sourceTree = "<group>"; };
		A89A7F5F2AB9F966B222B34F /* Pods-Pokedex.debug.xcconfig */ = {isa = PBXFileReference; includeInIndex = 1; lastKnownFileType = text.xcconfig; name = "Pods-Pokedex.debug.xcconfig"; path = "Pods/Target Support Files/Pods-Pokedex/Pods-Pokedex.debug.xcconfig"; sourceTree = "<group>"; };
		A9BE2A1B3C857A43B61BA229 /* Pods_Pokedex.framework */ = {isa = PBXFileReference; explicitFileType = wrapper.framework; includeInIndex = 0; path = Pods_Pokedex.framework; sourceTree = BUILT_PRODUCTS_DIR; };
		E50E15431C87D1D400A25663 /* PokeCell.swift */ = {isa = PBXFileReference; fileEncoding = 4; lastKnownFileType = sourcecode.swift; path = PokeCell.swift; sourceTree = "<group>"; };
		E50E15451C87F0E200A25663 /* csv.swift */ = {isa = PBXFileReference; fileEncoding = 4; lastKnownFileType = sourcecode.swift; path = csv.swift; sourceTree = "<group>"; };
		E50E154D1C8A1B5300A25663 /* Pokemon Solid.ttf */ = {isa = PBXFileReference; lastKnownFileType = file; path = "Pokemon Solid.ttf"; sourceTree = "<group>"; };
		E50E154F1C8A363D00A25663 /* music.mp3 */ = {isa = PBXFileReference; lastKnownFileType = audio.mp3; name = music.mp3; path = Assets.xcassets/music.dataset/music.mp3; sourceTree = "<group>"; };
		E5CE415A1C86844000FD4643 /* Pokedex.app */ = {isa = PBXFileReference; explicitFileType = wrapper.application; includeInIndex = 0; path = Pokedex.app; sourceTree = BUILT_PRODUCTS_DIR; };
		E5CE415D1C86844000FD4643 /* AppDelegate.swift */ = {isa = PBXFileReference; lastKnownFileType = sourcecode.swift; path = AppDelegate.swift; sourceTree = "<group>"; };
		E5CE415F1C86844000FD4643 /* ViewController.swift */ = {isa = PBXFileReference; lastKnownFileType = sourcecode.swift; path = ViewController.swift; sourceTree = "<group>"; };
		E5CE41621C86844000FD4643 /* Base */ = {isa = PBXFileReference; lastKnownFileType = file.storyboard; name = Base; path = Base.lproj/Main.storyboard; sourceTree = "<group>"; };
		E5CE41641C86844000FD4643 /* Assets.xcassets */ = {isa = PBXFileReference; lastKnownFileType = folder.assetcatalog; path = Assets.xcassets; sourceTree = "<group>"; };
		E5CE41671C86844000FD4643 /* Base */ = {isa = PBXFileReference; lastKnownFileType = file.storyboard; name = Base; path = Base.lproj/LaunchScreen.storyboard; sourceTree = "<group>"; };
		E5CE41691C86844000FD4643 /* Info.plist */ = {isa = PBXFileReference; lastKnownFileType = text.plist.xml; path = Info.plist; sourceTree = "<group>"; };
		E5CE416E1C86844000FD4643 /* PokedexTests.xctest */ = {isa = PBXFileReference; explicitFileType = wrapper.cfbundle; includeInIndex = 0; path = PokedexTests.xctest; sourceTree = BUILT_PRODUCTS_DIR; };
		E5CE41721C86844000FD4643 /* PokedexTests.swift */ = {isa = PBXFileReference; lastKnownFileType = sourcecode.swift; path = PokedexTests.swift; sourceTree = "<group>"; };
		E5CE41741C86844000FD4643 /* Info.plist */ = {isa = PBXFileReference; lastKnownFileType = text.plist.xml; path = Info.plist; sourceTree = "<group>"; };
		E5CE41791C86844000FD4643 /* PokedexUITests.xctest */ = {isa = PBXFileReference; explicitFileType = wrapper.cfbundle; includeInIndex = 0; path = PokedexUITests.xctest; sourceTree = BUILT_PRODUCTS_DIR; };
		E5CE417D1C86844000FD4643 /* PokedexUITests.swift */ = {isa = PBXFileReference; lastKnownFileType = sourcecode.swift; path = PokedexUITests.swift; sourceTree = "<group>"; };
		E5CE417F1C86844000FD4643 /* Info.plist */ = {isa = PBXFileReference; lastKnownFileType = text.plist.xml; path = Info.plist; sourceTree = "<group>"; };
		E5CE418B1C86903B00FD4643 /* pokemon.csv */ = {isa = PBXFileReference; fileEncoding = 4; lastKnownFileType = text; path = pokemon.csv; sourceTree = "<group>"; };
		E5CE41901C86921700FD4643 /* Pokemon.swift */ = {isa = PBXFileReference; fileEncoding = 4; lastKnownFileType = sourcecode.swift; path = Pokemon.swift; sourceTree = "<group>"; };
		E5D4CD1C1C8BDE4E003A8B96 /* Constants.swift */ = {isa = PBXFileReference; fileEncoding = 4; lastKnownFileType = sourcecode.swift; path = Constants.swift; sourceTree = "<group>"; };
		E5E13DDA1C8A3FF4006290D1 /* PokemonDetailVC.swift */ = {isa = PBXFileReference; fileEncoding = 4; lastKnownFileType = sourcecode.swift; path = PokemonDetailVC.swift; sourceTree = "<group>"; };
/* End PBXFileReference section */

/* Begin PBXFrameworksBuildPhase section */
		E5CE41571C86844000FD4643 /* Frameworks */ = {
			isa = PBXFrameworksBuildPhase;
			buildActionMask = 2147483647;
			files = (
				40B6159B3348388477940656 /* Pods_Pokedex.framework in Frameworks */,
			);
			runOnlyForDeploymentPostprocessing = 0;
		};
		E5CE416B1C86844000FD4643 /* Frameworks */ = {
			isa = PBXFrameworksBuildPhase;
			buildActionMask = 2147483647;
			files = (
			);
			runOnlyForDeploymentPostprocessing = 0;
		};
		E5CE41761C86844000FD4643 /* Frameworks */ = {
			isa = PBXFrameworksBuildPhase;
			buildActionMask = 2147483647;
			files = (
			);
			runOnlyForDeploymentPostprocessing = 0;
		};
/* End PBXFrameworksBuildPhase section */

/* Begin PBXGroup section */
		45CD220968F08D72B8DD70A5 /* Pods */ = {
			isa = PBXGroup;
			children = (
				A89A7F5F2AB9F966B222B34F /* Pods-Pokedex.debug.xcconfig */,
				37E10312758349442B666291 /* Pods-Pokedex.release.xcconfig */,
			);
			name = Pods;
			sourceTree = "<group>";
		};
		7320C7B789C898253A4833EA /* Frameworks */ = {
			isa = PBXGroup;
			children = (
				A9BE2A1B3C857A43B61BA229 /* Pods_Pokedex.framework */,
			);
			name = Frameworks;
			sourceTree = "<group>";
		};
		E50E15471C87F10B00A25663 /* Util */ = {
			isa = PBXGroup;
			children = (
				E50E15451C87F0E200A25663 /* csv.swift */,
				E5D4CD1C1C8BDE4E003A8B96 /* Constants.swift */,
			);
			name = Util;
			sourceTree = "<group>";
		};
		E50E15481C87F12500A25663 /* Resources */ = {
			isa = PBXGroup;
			children = (
				E50E154D1C8A1B5300A25663 /* Pokemon Solid.ttf */,
				E50E154F1C8A363D00A25663 /* music.mp3 */,
				E5CE418B1C86903B00FD4643 /* pokemon.csv */,
			);
			name = Resources;
			sourceTree = "<group>";
		};
		E5CE41511C86844000FD4643 = {
			isa = PBXGroup;
			children = (
				E5CE415C1C86844000FD4643 /* Pokedex */,
				E5CE41711C86844000FD4643 /* PokedexTests */,
				E5CE417C1C86844000FD4643 /* PokedexUITests */,
				E5CE415B1C86844000FD4643 /* Products */,
				45CD220968F08D72B8DD70A5 /* Pods */,
				7320C7B789C898253A4833EA /* Frameworks */,
			);
			sourceTree = "<group>";
		};
		E5CE415B1C86844000FD4643 /* Products */ = {
			isa = PBXGroup;
			children = (
				E5CE415A1C86844000FD4643 /* Pokedex.app */,
				E5CE416E1C86844000FD4643 /* PokedexTests.xctest */,
				E5CE41791C86844000FD4643 /* PokedexUITests.xctest */,
			);
			name = Products;
			sourceTree = "<group>";
		};
		E5CE415C1C86844000FD4643 /* Pokedex */ = {
			isa = PBXGroup;
			children = (
				E50E15481C87F12500A25663 /* Resources */,
				E50E15471C87F10B00A25663 /* Util */,
				E5CE418D1C86919800FD4643 /* Model */,
				E5CE415D1C86844000FD4643 /* AppDelegate.swift */,
				E5CE418E1C86919F00FD4643 /* View */,
				E5CE41611C86844000FD4643 /* Main.storyboard */,
				E5CE41641C86844000FD4643 /* Assets.xcassets */,
				E5CE418F1C8691AC00FD4643 /* Controller */,
				E5CE41661C86844000FD4643 /* LaunchScreen.storyboard */,
				E5CE41691C86844000FD4643 /* Info.plist */,
			);
			path = Pokedex;
			sourceTree = "<group>";
		};
		E5CE41711C86844000FD4643 /* PokedexTests */ = {
			isa = PBXGroup;
			children = (
				E5CE41721C86844000FD4643 /* PokedexTests.swift */,
				E5CE41741C86844000FD4643 /* Info.plist */,
			);
			path = PokedexTests;
			sourceTree = "<group>";
		};
		E5CE417C1C86844000FD4643 /* PokedexUITests */ = {
			isa = PBXGroup;
			children = (
				E5CE417D1C86844000FD4643 /* PokedexUITests.swift */,
				E5CE417F1C86844000FD4643 /* Info.plist */,
			);
			path = PokedexUITests;
			sourceTree = "<group>";
		};
		E5CE418D1C86919800FD4643 /* Model */ = {
			isa = PBXGroup;
			children = (
				E5CE41901C86921700FD4643 /* Pokemon.swift */,
			);
			name = Model;
			sourceTree = "<group>";
		};
		E5CE418E1C86919F00FD4643 /* View */ = {
			isa = PBXGroup;
			children = (
				E50E15431C87D1D400A25663 /* PokeCell.swift */,
			);
			name = View;
			sourceTree = "<group>";
		};
		E5CE418F1C8691AC00FD4643 /* Controller */ = {
			isa = PBXGroup;
			children = (
				E5CE415F1C86844000FD4643 /* ViewController.swift */,
				E5E13DDA1C8A3FF4006290D1 /* PokemonDetailVC.swift */,
			);
			name = Controller;
			sourceTree = "<group>";
		};
/* End PBXGroup section */

/* Begin PBXNativeTarget section */
		E5CE41591C86844000FD4643 /* Pokedex */ = {
			isa = PBXNativeTarget;
			buildConfigurationList = E5CE41821C86844000FD4643 /* Build configuration list for PBXNativeTarget "Pokedex" */;
			buildPhases = (
				80CBE67851A24BD146A35190 /* Check Pods Manifest.lock */,
				E5CE41561C86844000FD4643 /* Sources */,
				E5CE41571C86844000FD4643 /* Frameworks */,
				E5CE41581C86844000FD4643 /* Resources */,
				A2189DA8B0C87940E3BDD3C4 /* Embed Pods Frameworks */,
				89D350DB69A2BA646159FC27 /* Copy Pods Resources */,
			);
			buildRules = (
			);
			dependencies = (
			);
			name = Pokedex;
			productName = Pokedex;
			productReference = E5CE415A1C86844000FD4643 /* Pokedex.app */;
			productType = "com.apple.product-type.application";
		};
		E5CE416D1C86844000FD4643 /* PokedexTests */ = {
			isa = PBXNativeTarget;
			buildConfigurationList = E5CE41851C86844000FD4643 /* Build configuration list for PBXNativeTarget "PokedexTests" */;
			buildPhases = (
				E5CE416A1C86844000FD4643 /* Sources */,
				E5CE416B1C86844000FD4643 /* Frameworks */,
				E5CE416C1C86844000FD4643 /* Resources */,
			);
			buildRules = (
			);
			dependencies = (
				E5CE41701C86844000FD4643 /* PBXTargetDependency */,
			);
			name = PokedexTests;
			productName = PokedexTests;
			productReference = E5CE416E1C86844000FD4643 /* PokedexTests.xctest */;
			productType = "com.apple.product-type.bundle.unit-test";
		};
		E5CE41781C86844000FD4643 /* PokedexUITests */ = {
			isa = PBXNativeTarget;
			buildConfigurationList = E5CE41881C86844000FD4643 /* Build configuration list for PBXNativeTarget "PokedexUITests" */;
			buildPhases = (
				E5CE41751C86844000FD4643 /* Sources */,
				E5CE41761C86844000FD4643 /* Frameworks */,
				E5CE41771C86844000FD4643 /* Resources */,
			);
			buildRules = (
			);
			dependencies = (
				E5CE417B1C86844000FD4643 /* PBXTargetDependency */,
			);
			name = PokedexUITests;
			productName = PokedexUITests;
			productReference = E5CE41791C86844000FD4643 /* PokedexUITests.xctest */;
			productType = "com.apple.product-type.bundle.ui-testing";
		};
/* End PBXNativeTarget section */

/* Begin PBXProject section */
		E5CE41521C86844000FD4643 /* Project object */ = {
			isa = PBXProject;
			attributes = {
				LastSwiftUpdateCheck = 0720;
				LastUpgradeCheck = 0720;
				ORGANIZATIONNAME = "Long Lac";
				TargetAttributes = {
					E5CE41591C86844000FD4643 = {
						CreatedOnToolsVersion = 7.2.1;
						DevelopmentTeam = J6299R4GP5;
					};
					E5CE416D1C86844000FD4643 = {
						CreatedOnToolsVersion = 7.2.1;
						TestTargetID = E5CE41591C86844000FD4643;
					};
					E5CE41781C86844000FD4643 = {
						CreatedOnToolsVersion = 7.2.1;
						TestTargetID = E5CE41591C86844000FD4643;
					};
				};
			};
			buildConfigurationList = E5CE41551C86844000FD4643 /* Build configuration list for PBXProject "Pokedex" */;
			compatibilityVersion = "Xcode 3.2";
			developmentRegion = English;
			hasScannedForEncodings = 0;
			knownRegions = (
				en,
				Base,
			);
			mainGroup = E5CE41511C86844000FD4643;
			productRefGroup = E5CE415B1C86844000FD4643 /* Products */;
			projectDirPath = "";
			projectRoot = "";
			targets = (
				E5CE41591C86844000FD4643 /* Pokedex */,
				E5CE416D1C86844000FD4643 /* PokedexTests */,
				E5CE41781C86844000FD4643 /* PokedexUITests */,
			);
		};
/* End PBXProject section */

/* Begin PBXResourcesBuildPhase section */
		E5CE41581C86844000FD4643 /* Resources */ = {
			isa = PBXResourcesBuildPhase;
			buildActionMask = 2147483647;
			files = (
				E50E154E1C8A1B5300A25663 /* Pokemon Solid.ttf in Resources */,
				E5CE41681C86844000FD4643 /* LaunchScreen.storyboard in Resources */,
				E50E15501C8A363D00A25663 /* music.mp3 in Resources */,
				E5CE41651C86844000FD4643 /* Assets.xcassets in Resources */,
				E5CE418C1C86903B00FD4643 /* pokemon.csv in Resources */,
				E5CE41631C86844000FD4643 /* Main.storyboard in Resources */,
			);
			runOnlyForDeploymentPostprocessing = 0;
		};
		E5CE416C1C86844000FD4643 /* Resources */ = {
			isa = PBXResourcesBuildPhase;
			buildActionMask = 2147483647;
			files = (
			);
			runOnlyForDeploymentPostprocessing = 0;
		};
		E5CE41771C86844000FD4643 /* Resources */ = {
			isa = PBXResourcesBuildPhase;
			buildActionMask = 2147483647;
			files = (
			);
			runOnlyForDeploymentPostprocessing = 0;
		};
/* End PBXResourcesBuildPhase section */

/* Begin PBXShellScriptBuildPhase section */
		80CBE67851A24BD146A35190 /* Check Pods Manifest.lock */ = {
			isa = PBXShellScriptBuildPhase;
			buildActionMask = 2147483647;
			files = (
			);
			inputPaths = (
			);
			name = "Check Pods Manifest.lock";
			outputPaths = (
			);
			runOnlyForDeploymentPostprocessing = 0;
			shellPath = /bin/sh;
			shellScript = "diff \"${PODS_ROOT}/../Podfile.lock\" \"${PODS_ROOT}/Manifest.lock\" > /dev/null\nif [[ $? != 0 ]] ; then\n    cat << EOM\nerror: The sandbox is not in sync with the Podfile.lock. Run 'pod install' or update your CocoaPods installation.\nEOM\n    exit 1\nfi\n";
			showEnvVarsInLog = 0;
		};
		89D350DB69A2BA646159FC27 /* Copy Pods Resources */ = {
			isa = PBXShellScriptBuildPhase;
			buildActionMask = 2147483647;
			files = (
			);
			inputPaths = (
			);
			name = "Copy Pods Resources";
			outputPaths = (
			);
			runOnlyForDeploymentPostprocessing = 0;
			shellPath = /bin/sh;
			shellScript = "\"${SRCROOT}/Pods/Target Support Files/Pods-Pokedex/Pods-Pokedex-resources.sh\"\n";
			showEnvVarsInLog = 0;
		};
		A2189DA8B0C87940E3BDD3C4 /* Embed Pods Frameworks */ = {
			isa = PBXShellScriptBuildPhase;
			buildActionMask = 2147483647;
			files = (
			);
			inputPaths = (
			);
			name = "Embed Pods Frameworks";
			outputPaths = (
			);
			runOnlyForDeploymentPostprocessing = 0;
			shellPath = /bin/sh;
			shellScript = "\"${SRCROOT}/Pods/Target Support Files/Pods-Pokedex/Pods-Pokedex-frameworks.sh\"\n";
			showEnvVarsInLog = 0;
		};
/* End PBXShellScriptBuildPhase section */

/* Begin PBXSourcesBuildPhase section */
		E5CE41561C86844000FD4643 /* Sources */ = {
			isa = PBXSourcesBuildPhase;
			buildActionMask = 2147483647;
			files = (
				E50E15441C87D1D400A25663 /* PokeCell.swift in Sources */,
				E5CE41601C86844000FD4643 /* ViewController.swift in Sources */,
				E5CE415E1C86844000FD4643 /* AppDelegate.swift in Sources */,
				E5E13DDB1C8A3FF4006290D1 /* PokemonDetailVC.swift in Sources */,
				E5D4CD1D1C8BDE4E003A8B96 /* Constants.swift in Sources */,
				E5CE41911C86921700FD4643 /* Pokemon.swift in Sources */,
				E50E15461C87F0E200A25663 /* csv.swift in Sources */,
			);
			runOnlyForDeploymentPostprocessing = 0;
		};
		E5CE416A1C86844000FD4643 /* Sources */ = {
			isa = PBXSourcesBuildPhase;
			buildActionMask = 2147483647;
			files = (
				E5CE41731C86844000FD4643 /* PokedexTests.swift in Sources */,
			);
			runOnlyForDeploymentPostprocessing = 0;
		};
		E5CE41751C86844000FD4643 /* Sources */ = {
			isa = PBXSourcesBuildPhase;
			buildActionMask = 2147483647;
			files = (
				E5CE417E1C86844000FD4643 /* PokedexUITests.swift in Sources */,
			);
			runOnlyForDeploymentPostprocessing = 0;
		};
/* End PBXSourcesBuildPhase section */

/* Begin PBXTargetDependency section */
		E5CE41701C86844000FD4643 /* PBXTargetDependency */ = {
			isa = PBXTargetDependency;
			target = E5CE41591C86844000FD4643 /* Pokedex */;
			targetProxy = E5CE416F1C86844000FD4643 /* PBXContainerItemProxy */;
		};
		E5CE417B1C86844000FD4643 /* PBXTargetDependency */ = {
			isa = PBXTargetDependency;
			target = E5CE41591C86844000FD4643 /* Pokedex */;
			targetProxy = E5CE417A1C86844000FD4643 /* PBXContainerItemProxy */;
		};
/* End PBXTargetDependency section */

/* Begin PBXVariantGroup section */
		E5CE41611C86844000FD4643 /* Main.storyboard */ = {
			isa = PBXVariantGroup;
			children = (
				E5CE41621C86844000FD4643 /* Base */,
			);
			name = Main.storyboard;
			sourceTree = "<group>";
		};
		E5CE41661C86844000FD4643 /* LaunchScreen.storyboard */ = {
			isa = PBXVariantGroup;
			children = (
				E5CE41671C86844000FD4643 /* Base */,
			);
			name = LaunchScreen.storyboard;
			sourceTree = "<group>";
		};
/* End PBXVariantGroup section */

/* Begin XCBuildConfiguration section */
		E5CE41801C86844000FD4643 /* Debug */ = {
			isa = XCBuildConfiguration;
			buildSettings = {
				ALWAYS_SEARCH_USER_PATHS = NO;
				CLANG_CXX_LANGUAGE_STANDARD = "gnu++0x";
				CLANG_CXX_LIBRARY = "libc++";
				CLANG_ENABLE_MODULES = YES;
				CLANG_ENABLE_OBJC_ARC = YES;
				CLANG_WARN_BOOL_CONVERSION = YES;
				CLANG_WARN_CONSTANT_CONVERSION = YES;
				CLANG_WARN_DIRECT_OBJC_ISA_USAGE = YES_ERROR;
				CLANG_WARN_EMPTY_BODY = YES;
				CLANG_WARN_ENUM_CONVERSION = YES;
				CLANG_WARN_INT_CONVERSION = YES;
				CLANG_WARN_OBJC_ROOT_CLASS = YES_ERROR;
				CLANG_WARN_UNREACHABLE_CODE = YES;
				CLANG_WARN__DUPLICATE_METHOD_MATCH = YES;
				"CODE_SIGN_IDENTITY[sdk=iphoneos*]" = "iPhone Developer";
				COPY_PHASE_STRIP = NO;
				DEBUG_INFORMATION_FORMAT = dwarf;
				ENABLE_STRICT_OBJC_MSGSEND = YES;
				ENABLE_TESTABILITY = YES;
				GCC_C_LANGUAGE_STANDARD = gnu99;
				GCC_DYNAMIC_NO_PIC = NO;
				GCC_NO_COMMON_BLOCKS = YES;
				GCC_OPTIMIZATION_LEVEL = 0;
				GCC_PREPROCESSOR_DEFINITIONS = (
					"DEBUG=1",
					"$(inherited)",
				);
				GCC_WARN_64_TO_32_BIT_CONVERSION = YES;
				GCC_WARN_ABOUT_RETURN_TYPE = YES_ERROR;
				GCC_WARN_UNDECLARED_SELECTOR = YES;
				GCC_WARN_UNINITIALIZED_AUTOS = YES_AGGRESSIVE;
				GCC_WARN_UNUSED_FUNCTION = YES;
				GCC_WARN_UNUSED_VARIABLE = YES;
				IPHONEOS_DEPLOYMENT_TARGET = 9.2;
				MTL_ENABLE_DEBUG_INFO = YES;
				ONLY_ACTIVE_ARCH = YES;
				SDKROOT = iphoneos;
				SWIFT_OPTIMIZATION_LEVEL = "-Onone";
			};
			name = Debug;
		};
		E5CE41811C86844000FD4643 /* Release */ = {
			isa = XCBuildConfiguration;
			buildSettings = {
				ALWAYS_SEARCH_USER_PATHS = NO;
				CLANG_CXX_LANGUAGE_STANDARD = "gnu++0x";
				CLANG_CXX_LIBRARY = "libc++";
				CLANG_ENABLE_MODULES = YES;
				CLANG_ENABLE_OBJC_ARC = YES;
				CLANG_WARN_BOOL_CONVERSION = YES;
				CLANG_WARN_CONSTANT_CONVERSION = YES;
				CLANG_WARN_DIRECT_OBJC_ISA_USAGE = YES_ERROR;
				CLANG_WARN_EMPTY_BODY = YES;
				CLANG_WARN_ENUM_CONVERSION = YES;
				CLANG_WARN_INT_CONVERSION = YES;
				CLANG_WARN_OBJC_ROOT_CLASS = YES_ERROR;
				CLANG_WARN_UNREACHABLE_CODE = YES;
				CLANG_WARN__DUPLICATE_METHOD_MATCH = YES;
				"CODE_SIGN_IDENTITY[sdk=iphoneos*]" = "iPhone Developer";
				COPY_PHASE_STRIP = NO;
				DEBUG_INFORMATION_FORMAT = "dwarf-with-dsym";
				ENABLE_NS_ASSERTIONS = NO;
				ENABLE_STRICT_OBJC_MSGSEND = YES;
				GCC_C_LANGUAGE_STANDARD = gnu99;
				GCC_NO_COMMON_BLOCKS = YES;
				GCC_WARN_64_TO_32_BIT_CONVERSION = YES;
				GCC_WARN_ABOUT_RETURN_TYPE = YES_ERROR;
				GCC_WARN_UNDECLARED_SELECTOR = YES;
				GCC_WARN_UNINITIALIZED_AUTOS = YES_AGGRESSIVE;
				GCC_WARN_UNUSED_FUNCTION = YES;
				GCC_WARN_UNUSED_VARIABLE = YES;
				IPHONEOS_DEPLOYMENT_TARGET = 9.2;
				MTL_ENABLE_DEBUG_INFO = NO;
				SDKROOT = iphoneos;
				VALIDATE_PRODUCT = YES;
			};
			name = Release;
		};
		E5CE41831C86844000FD4643 /* Debug */ = {
			isa = XCBuildConfiguration;
			baseConfigurationReference = A89A7F5F2AB9F966B222B34F /* Pods-Pokedex.debug.xcconfig */;
			buildSettings = {
				ASSETCATALOG_COMPILER_APPICON_NAME = AppIcon;
				CODE_SIGN_IDENTITY = "iPhone Developer";
				"CODE_SIGN_IDENTITY[sdk=iphoneos*]" = "iPhone Developer";
				INFOPLIST_FILE = Pokedex/Info.plist;
				IPHONEOS_DEPLOYMENT_TARGET = 9.0;
				LD_RUNPATH_SEARCH_PATHS = "$(inherited) @executable_path/Frameworks";
				PRODUCT_BUNDLE_IDENTIFIER = Polo.Pokedex;
				PRODUCT_NAME = "$(TARGET_NAME)";
				PROVISIONING_PROFILE = "";
				TARGETED_DEVICE_FAMILY = "1,2";
			};
			name = Debug;
		};
		E5CE41841C86844000FD4643 /* Release */ = {
			isa = XCBuildConfiguration;
			baseConfigurationReference = 37E10312758349442B666291 /* Pods-Pokedex.release.xcconfig */;
			buildSettings = {
				ASSETCATALOG_COMPILER_APPICON_NAME = AppIcon;
				CODE_SIGN_IDENTITY = "iPhone Developer";
				"CODE_SIGN_IDENTITY[sdk=iphoneos*]" = "iPhone Developer";
				INFOPLIST_FILE = Pokedex/Info.plist;
				IPHONEOS_DEPLOYMENT_TARGET = 9.0;
				LD_RUNPATH_SEARCH_PATHS = "$(inherited) @executable_path/Frameworks";
				PRODUCT_BUNDLE_IDENTIFIER = Polo.Pokedex;
				PRODUCT_NAME = "$(TARGET_NAME)";
				PROVISIONING_PROFILE = "";
				TARGETED_DEVICE_FAMILY = "1,2";
			};
			name = Release;
		};
		E5CE41861C86844000FD4643 /* Debug */ = {
			isa = XCBuildConfiguration;
			buildSettings = {
				BUNDLE_LOADER = "$(TEST_HOST)";
				INFOPLIST_FILE = PokedexTests/Info.plist;
				LD_RUNPATH_SEARCH_PATHS = "$(inherited) @executable_path/Frameworks @loader_path/Frameworks";
				PRODUCT_BUNDLE_IDENTIFIER = Polo.PokedexTests;
				PRODUCT_NAME = "$(TARGET_NAME)";
				TEST_HOST = "$(BUILT_PRODUCTS_DIR)/Pokedex.app/Pokedex";
			};
			name = Debug;
		};
		E5CE41871C86844000FD4643 /* Release */ = {
			isa = XCBuildConfiguration;
			buildSettings = {
				BUNDLE_LOADER = "$(TEST_HOST)";
				INFOPLIST_FILE = PokedexTests/Info.plist;
				LD_RUNPATH_SEARCH_PATHS = "$(inherited) @executable_path/Frameworks @loader_path/Frameworks";
				PRODUCT_BUNDLE_IDENTIFIER = Polo.PokedexTests;
				PRODUCT_NAME = "$(TARGET_NAME)";
				TEST_HOST = "$(BUILT_PRODUCTS_DIR)/Pokedex.app/Pokedex";
			};
			name = Release;
		};
		E5CE41891C86844000FD4643 /* Debug */ = {
			isa = XCBuildConfiguration;
			buildSettings = {
				INFOPLIST_FILE = PokedexUITests/Info.plist;
				LD_RUNPATH_SEARCH_PATHS = "$(inherited) @executable_path/Frameworks @loader_path/Frameworks";
				PRODUCT_BUNDLE_IDENTIFIER = Polo.PokedexUITests;
				PRODUCT_NAME = "$(TARGET_NAME)";
				TEST_TARGET_NAME = Pokedex;
				USES_XCTRUNNER = YES;
			};
			name = Debug;
		};
		E5CE418A1C86844000FD4643 /* Release */ = {
			isa = XCBuildConfiguration;
			buildSettings = {
				INFOPLIST_FILE = PokedexUITests/Info.plist;
				LD_RUNPATH_SEARCH_PATHS = "$(inherited) @executable_path/Frameworks @loader_path/Frameworks";
				PRODUCT_BUNDLE_IDENTIFIER = Polo.PokedexUITests;
				PRODUCT_NAME = "$(TARGET_NAME)";
				TEST_TARGET_NAME = Pokedex;
				USES_XCTRUNNER = YES;
			};
			name = Release;
		};
/* End XCBuildConfiguration section */

/* Begin XCConfigurationList section */
		E5CE41551C86844000FD4643 /* Build configuration list for PBXProject "Pokedex" */ = {
			isa = XCConfigurationList;
			buildConfigurations = (
				E5CE41801C86844000FD4643 /* Debug */,
				E5CE41811C86844000FD4643 /* Release */,
			);
			defaultConfigurationIsVisible = 0;
			defaultConfigurationName = Release;
		};
		E5CE41821C86844000FD4643 /* Build configuration list for PBXNativeTarget "Pokedex" */ = {
			isa = XCConfigurationList;
			buildConfigurations = (
				E5CE41831C86844000FD4643 /* Debug */,
				E5CE41841C86844000FD4643 /* Release */,
			);
			defaultConfigurationIsVisible = 0;
			defaultConfigurationName = Release;
		};
		E5CE41851C86844000FD4643 /* Build configuration list for PBXNativeTarget "PokedexTests" */ = {
			isa = XCConfigurationList;
			buildConfigurations = (
				E5CE41861C86844000FD4643 /* Debug */,
				E5CE41871C86844000FD4643 /* Release */,
			);
			defaultConfigurationIsVisible = 0;
			defaultConfigurationName = Release;
		};
		E5CE41881C86844000FD4643 /* Build configuration list for PBXNativeTarget "PokedexUITests" */ = {
			isa = XCConfigurationList;
			buildConfigurations = (
				E5CE41891C86844000FD4643 /* Debug */,
				E5CE418A1C86844000FD4643 /* Release */,
			);
			defaultConfigurationIsVisible = 0;
			defaultConfigurationName = Release;
		};
/* End XCConfigurationList section */
	};
	rootObject = E5CE41521C86844000FD4643 /* Project object */;
}
